// !$*UTF8*$!
{
	archiveVersion = 1;
	classes = {
	};
	objectVersion = 46;
	objects = {

/* Begin PBXBuildFile section */
		38CCC6DE19A8B0F500501CA9 /* main.swift in Sources */ = {isa = PBXBuildFile; fileRef = 38CCC6DD19A8B0F500501CA9 /* main.swift */; };
		38CCC6E219A8B0F500501CA9 /* Document.swift in Sources */ = {isa = PBXBuildFile; fileRef = 38CCC6E119A8B0F500501CA9 /* Document.swift */; };
		38CCC6E419A8B0F500501CA9 /* Images.xcassets in Resources */ = {isa = PBXBuildFile; fileRef = 38CCC6E319A8B0F500501CA9 /* Images.xcassets */; };
		38CCC6E719A8B0F500501CA9 /* Main.storyboard in Resources */ = {isa = PBXBuildFile; fileRef = 38CCC6E519A8B0F500501CA9 /* Main.storyboard */; };
		38CCC6F319A8B0F500501CA9 /* FiddlingsTests.swift in Sources */ = {isa = PBXBuildFile; fileRef = 38CCC6F219A8B0F500501CA9 /* FiddlingsTests.swift */; };
		38CCC6FD19A8B19B00501CA9 /* AppDelegate.swift in Sources */ = {isa = PBXBuildFile; fileRef = 38CCC6FC19A8B19B00501CA9 /* AppDelegate.swift */; };
		38CCC6FF19A8B1CB00501CA9 /* WindowController.swift in Sources */ = {isa = PBXBuildFile; fileRef = 38CCC6FE19A8B1CB00501CA9 /* WindowController.swift */; };
		38CCC70119A8B1E800501CA9 /* SplitViewController.swift in Sources */ = {isa = PBXBuildFile; fileRef = 38CCC70019A8B1E800501CA9 /* SplitViewController.swift */; };
		38CCC70319A8B1FB00501CA9 /* TextViewController.swift in Sources */ = {isa = PBXBuildFile; fileRef = 38CCC70219A8B1FB00501CA9 /* TextViewController.swift */; };
		38CCC70519A8B21600501CA9 /* PreviewController.swift in Sources */ = {isa = PBXBuildFile; fileRef = 38CCC70419A8B21600501CA9 /* PreviewController.swift */; };
		38CCC70719A8B23000501CA9 /* CodeEditorView.swift in Sources */ = {isa = PBXBuildFile; fileRef = 38CCC70619A8B23000501CA9 /* CodeEditorView.swift */; };
		38CCC70919A8B2DB00501CA9 /* CodeEditorKitTests.swift in Sources */ = {isa = PBXBuildFile; fileRef = 38CCC70819A8B2DB00501CA9 /* CodeEditorKitTests.swift */; };
		38CCC70C19A8B35300501CA9 /* PEGKit.framework in Frameworks */ = {isa = PBXBuildFile; fileRef = 38CCC70B19A8B35300501CA9 /* PEGKit.framework */; };
		38CCC70E19A8B3A900501CA9 /* PEGKit.framework in CopyFiles */ = {isa = PBXBuildFile; fileRef = 38CCC70B19A8B35300501CA9 /* PEGKit.framework */; settings = {ATTRIBUTES = (CodeSignOnCopy, RemoveHeadersOnCopy, ); }; };
		38CCC71119A8B52500501CA9 /* PEGKit.framework in Frameworks */ = {isa = PBXBuildFile; fileRef = 38CCC70B19A8B35300501CA9 /* PEGKit.framework */; };
		38CCC71419A8B57D00501CA9 /* HTMLParser.m in Sources */ = {isa = PBXBuildFile; fileRef = 38CCC71319A8B57D00501CA9 /* HTMLParser.m */; };
/* End PBXBuildFile section */

/* Begin PBXContainerItemProxy section */
		38CCC6ED19A8B0F500501CA9 /* PBXContainerItemProxy */ = {
			isa = PBXContainerItemProxy;
			containerPortal = 38CCC6D019A8B0F500501CA9 /* Project object */;
			proxyType = 1;
			remoteGlobalIDString = 38CCC6D719A8B0F500501CA9;
			remoteInfo = Fiddlings;
		};
/* End PBXContainerItemProxy section */

/* Begin PBXCopyFilesBuildPhase section */
		38CCC70D19A8B39400501CA9 /* CopyFiles */ = {
			isa = PBXCopyFilesBuildPhase;
			buildActionMask = 2147483647;
			dstPath = "";
			dstSubfolderSpec = 10;
			files = (
				38CCC70E19A8B3A900501CA9 /* PEGKit.framework in CopyFiles */,
			);
			runOnlyForDeploymentPostprocessing = 0;
		};
/* End PBXCopyFilesBuildPhase section */

/* Begin PBXFileReference section */
		38CCC6D819A8B0F500501CA9 /* Fiddlings.app */ = {isa = PBXFileReference; explicitFileType = wrapper.application; includeInIndex = 0; path = Fiddlings.app; sourceTree = BUILT_PRODUCTS_DIR; };
		38CCC6DC19A8B0F500501CA9 /* Info.plist */ = {isa = PBXFileReference; lastKnownFileType = text.plist.xml; path = Info.plist; sourceTree = "<group>"; };
		38CCC6DD19A8B0F500501CA9 /* main.swift */ = {isa = PBXFileReference; lastKnownFileType = sourcecode.swift; path = main.swift; sourceTree = "<group>"; };
		38CCC6E119A8B0F500501CA9 /* Document.swift */ = {isa = PBXFileReference; lastKnownFileType = sourcecode.swift; path = Document.swift; sourceTree = "<group>"; };
		38CCC6E319A8B0F500501CA9 /* Images.xcassets */ = {isa = PBXFileReference; lastKnownFileType = folder.assetcatalog; path = Images.xcassets; sourceTree = "<group>"; };
		38CCC6E619A8B0F500501CA9 /* Base */ = {isa = PBXFileReference; lastKnownFileType = file.storyboard; name = Base; path = Base.lproj/Main.storyboard; sourceTree = "<group>"; };
		38CCC6EC19A8B0F500501CA9 /* FiddlingsTests.xctest */ = {isa = PBXFileReference; explicitFileType = wrapper.cfbundle; includeInIndex = 0; path = FiddlingsTests.xctest; sourceTree = BUILT_PRODUCTS_DIR; };
		38CCC6F119A8B0F500501CA9 /* Info.plist */ = {isa = PBXFileReference; lastKnownFileType = text.plist.xml; path = Info.plist; sourceTree = "<group>"; };
		38CCC6F219A8B0F500501CA9 /* FiddlingsTests.swift */ = {isa = PBXFileReference; lastKnownFileType = sourcecode.swift; path = FiddlingsTests.swift; sourceTree = "<group>"; };
		38CCC6FC19A8B19B00501CA9 /* AppDelegate.swift */ = {isa = PBXFileReference; fileEncoding = 4; lastKnownFileType = sourcecode.swift; path = AppDelegate.swift; sourceTree = "<group>"; };
		38CCC6FE19A8B1CB00501CA9 /* WindowController.swift */ = {isa = PBXFileReference; fileEncoding = 4; lastKnownFileType = sourcecode.swift; path = WindowController.swift; sourceTree = "<group>"; };
		38CCC70019A8B1E800501CA9 /* SplitViewController.swift */ = {isa = PBXFileReference; fileEncoding = 4; lastKnownFileType = sourcecode.swift; path = SplitViewController.swift; sourceTree = "<group>"; };
		38CCC70219A8B1FB00501CA9 /* TextViewController.swift */ = {isa = PBXFileReference; fileEncoding = 4; lastKnownFileType = sourcecode.swift; path = TextViewController.swift; sourceTree = "<group>"; };
		38CCC70419A8B21600501CA9 /* PreviewController.swift */ = {isa = PBXFileReference; fileEncoding = 4; lastKnownFileType = sourcecode.swift; path = PreviewController.swift; sourceTree = "<group>"; };
		38CCC70619A8B23000501CA9 /* CodeEditorView.swift */ = {isa = PBXFileReference; fileEncoding = 4; lastKnownFileType = sourcecode.swift; path = CodeEditorView.swift; sourceTree = "<group>"; };
		38CCC70819A8B2DB00501CA9 /* CodeEditorKitTests.swift */ = {isa = PBXFileReference; fileEncoding = 4; lastKnownFileType = sourcecode.swift; path = CodeEditorKitTests.swift; sourceTree = "<group>"; };
		38CCC70B19A8B35300501CA9 /* PEGKit.framework */ = {isa = PBXFileReference; lastKnownFileType = wrapper.framework; name = PEGKit.framework; path = Frameworks/PEGKit.framework; sourceTree = "<group>"; };
		38CCC70F19A8B40F00501CA9 /* Fiddlings-Bridging-Header.h */ = {isa = PBXFileReference; lastKnownFileType = sourcecode.c.h; path = "Fiddlings-Bridging-Header.h"; sourceTree = "<group>"; };
		38CCC71019A8B4CC00501CA9 /* FiddlingsTests-Bridging-Header.h */ = {isa = PBXFileReference; lastKnownFileType = sourcecode.c.h; path = "FiddlingsTests-Bridging-Header.h"; sourceTree = "<group>"; };
		38CCC71219A8B56400501CA9 /* HTMLParser.h */ = {isa = PBXFileReference; lastKnownFileType = sourcecode.c.h; path = HTMLParser.h; sourceTree = "<group>"; };
		38CCC71319A8B57D00501CA9 /* HTMLParser.m */ = {isa = PBXFileReference; fileEncoding = 4; lastKnownFileType = sourcecode.c.objc; path = HTMLParser.m; sourceTree = "<group>"; };
/* End PBXFileReference section */

/* Begin PBXFrameworksBuildPhase section */
		38CCC6D519A8B0F500501CA9 /* Frameworks */ = {
			isa = PBXFrameworksBuildPhase;
			buildActionMask = 2147483647;
			files = (
				38CCC70C19A8B35300501CA9 /* PEGKit.framework in Frameworks */,
			);
			runOnlyForDeploymentPostprocessing = 0;
		};
		38CCC6E919A8B0F500501CA9 /* Frameworks */ = {
			isa = PBXFrameworksBuildPhase;
			buildActionMask = 2147483647;
			files = (
				38CCC71119A8B52500501CA9 /* PEGKit.framework in Frameworks */,
			);
			runOnlyForDeploymentPostprocessing = 0;
		};
/* End PBXFrameworksBuildPhase section */

/* Begin PBXGroup section */
		38CCC6CF19A8B0F500501CA9 = {
			isa = PBXGroup;
			children = (
				38CCC70B19A8B35300501CA9 /* PEGKit.framework */,
				38CCC6DA19A8B0F500501CA9 /* Fiddlings */,
				38CCC6EF19A8B0F500501CA9 /* FiddlingsTests */,
				38CCC6D919A8B0F500501CA9 /* Products */,
			);
			sourceTree = "<group>";
		};
		38CCC6D919A8B0F500501CA9 /* Products */ = {
			isa = PBXGroup;
			children = (
				38CCC6D819A8B0F500501CA9 /* Fiddlings.app */,
				38CCC6EC19A8B0F500501CA9 /* FiddlingsTests.xctest */,
			);
			name = Products;
			sourceTree = "<group>";
		};
		38CCC6DA19A8B0F500501CA9 /* Fiddlings */ = {
			isa = PBXGroup;
			children = (
				38CCC6E119A8B0F500501CA9 /* Document.swift */,
				38CCC6E319A8B0F500501CA9 /* Images.xcassets */,
				38CCC6E519A8B0F500501CA9 /* Main.storyboard */,
				38CCC6FC19A8B19B00501CA9 /* AppDelegate.swift */,
				38CCC6FE19A8B1CB00501CA9 /* WindowController.swift */,
				38CCC70019A8B1E800501CA9 /* SplitViewController.swift */,
				38CCC70219A8B1FB00501CA9 /* TextViewController.swift */,
				38CCC70419A8B21600501CA9 /* PreviewController.swift */,
				38CCC70619A8B23000501CA9 /* CodeEditorView.swift */,
				38CCC71219A8B56400501CA9 /* HTMLParser.h */,
				38CCC71319A8B57D00501CA9 /* HTMLParser.m */,
				38CCC6DB19A8B0F500501CA9 /* Supporting Files */,
			);
			path = Fiddlings;
			sourceTree = "<group>";
		};
		38CCC6DB19A8B0F500501CA9 /* Supporting Files */ = {
			isa = PBXGroup;
			children = (
				38CCC6DC19A8B0F500501CA9 /* Info.plist */,
				38CCC6DD19A8B0F500501CA9 /* main.swift */,
				38CCC70F19A8B40F00501CA9 /* Fiddlings-Bridging-Header.h */,
			);
			name = "Supporting Files";
			sourceTree = "<group>";
		};
		38CCC6EF19A8B0F500501CA9 /* FiddlingsTests */ = {
			isa = PBXGroup;
			children = (
				38CCC70819A8B2DB00501CA9 /* CodeEditorKitTests.swift */,
				38CCC6F219A8B0F500501CA9 /* FiddlingsTests.swift */,
				38CCC6F019A8B0F500501CA9 /* Supporting Files */,
			);
			path = FiddlingsTests;
			sourceTree = "<group>";
		};
		38CCC6F019A8B0F500501CA9 /* Supporting Files */ = {
			isa = PBXGroup;
			children = (
				38CCC6F119A8B0F500501CA9 /* Info.plist */,
				38CCC71019A8B4CC00501CA9 /* FiddlingsTests-Bridging-Header.h */,
			);
			name = "Supporting Files";
			sourceTree = "<group>";
		};
/* End PBXGroup section */

/* Begin PBXNativeTarget section */
		38CCC6D719A8B0F500501CA9 /* Fiddlings */ = {
			isa = PBXNativeTarget;
			buildConfigurationList = 38CCC6F619A8B0F500501CA9 /* Build configuration list for PBXNativeTarget "Fiddlings" */;
			buildPhases = (
				38CCC6D419A8B0F500501CA9 /* Sources */,
				38CCC6D519A8B0F500501CA9 /* Frameworks */,
				38CCC6D619A8B0F500501CA9 /* Resources */,
				38CCC70D19A8B39400501CA9 /* CopyFiles */,
			);
			buildRules = (
			);
			dependencies = (
			);
			name = Fiddlings;
			productName = Fiddlings;
			productReference = 38CCC6D819A8B0F500501CA9 /* Fiddlings.app */;
			productType = "com.apple.product-type.application";
		};
		38CCC6EB19A8B0F500501CA9 /* FiddlingsTests */ = {
			isa = PBXNativeTarget;
			buildConfigurationList = 38CCC6F919A8B0F500501CA9 /* Build configuration list for PBXNativeTarget "FiddlingsTests" */;
			buildPhases = (
				38CCC6E819A8B0F500501CA9 /* Sources */,
				38CCC6E919A8B0F500501CA9 /* Frameworks */,
				38CCC6EA19A8B0F500501CA9 /* Resources */,
			);
			buildRules = (
			);
			dependencies = (
				38CCC6EE19A8B0F500501CA9 /* PBXTargetDependency */,
			);
			name = FiddlingsTests;
			productName = FiddlingsTests;
			productReference = 38CCC6EC19A8B0F500501CA9 /* FiddlingsTests.xctest */;
			productType = "com.apple.product-type.bundle.unit-test";
		};
/* End PBXNativeTarget section */

/* Begin PBXProject section */
		38CCC6D019A8B0F500501CA9 /* Project object */ = {
			isa = PBXProject;
			attributes = {
				LastUpgradeCheck = 0600;
				ORGANIZATIONNAME = "Priit Haamer";
				TargetAttributes = {
					38CCC6D719A8B0F500501CA9 = {
						CreatedOnToolsVersion = 6.0;
					};
					38CCC6EB19A8B0F500501CA9 = {
						CreatedOnToolsVersion = 6.0;
						TestTargetID = 38CCC6D719A8B0F500501CA9;
					};
				};
			};
			buildConfigurationList = 38CCC6D319A8B0F500501CA9 /* Build configuration list for PBXProject "Fiddlings" */;
			compatibilityVersion = "Xcode 3.2";
			developmentRegion = English;
			hasScannedForEncodings = 0;
			knownRegions = (
				en,
				Base,
			);
			mainGroup = 38CCC6CF19A8B0F500501CA9;
			productRefGroup = 38CCC6D919A8B0F500501CA9 /* Products */;
			projectDirPath = "";
			projectRoot = "";
			targets = (
				38CCC6D719A8B0F500501CA9 /* Fiddlings */,
				38CCC6EB19A8B0F500501CA9 /* FiddlingsTests */,
			);
		};
/* End PBXProject section */

/* Begin PBXResourcesBuildPhase section */
		38CCC6D619A8B0F500501CA9 /* Resources */ = {
			isa = PBXResourcesBuildPhase;
			buildActionMask = 2147483647;
			files = (
				38CCC6E419A8B0F500501CA9 /* Images.xcassets in Resources */,
				38CCC6E719A8B0F500501CA9 /* Main.storyboard in Resources */,
			);
			runOnlyForDeploymentPostprocessing = 0;
		};
		38CCC6EA19A8B0F500501CA9 /* Resources */ = {
			isa = PBXResourcesBuildPhase;
			buildActionMask = 2147483647;
			files = (
			);
			runOnlyForDeploymentPostprocessing = 0;
		};
/* End PBXResourcesBuildPhase section */

/* Begin PBXSourcesBuildPhase section */
		38CCC6D419A8B0F500501CA9 /* Sources */ = {
			isa = PBXSourcesBuildPhase;
			buildActionMask = 2147483647;
			files = (
				38CCC70519A8B21600501CA9 /* PreviewController.swift in Sources */,
				38CCC6FD19A8B19B00501CA9 /* AppDelegate.swift in Sources */,
				38CCC6FF19A8B1CB00501CA9 /* WindowController.swift in Sources */,
				38CCC6DE19A8B0F500501CA9 /* main.swift in Sources */,
				38CCC71419A8B57D00501CA9 /* HTMLParser.m in Sources */,
				38CCC6E219A8B0F500501CA9 /* Document.swift in Sources */,
				38CCC70319A8B1FB00501CA9 /* TextViewController.swift in Sources */,
				38CCC70119A8B1E800501CA9 /* SplitViewController.swift in Sources */,
				38CCC70719A8B23000501CA9 /* CodeEditorView.swift in Sources */,
			);
			runOnlyForDeploymentPostprocessing = 0;
		};
		38CCC6E819A8B0F500501CA9 /* Sources */ = {
			isa = PBXSourcesBuildPhase;
			buildActionMask = 2147483647;
			files = (
				38CCC70919A8B2DB00501CA9 /* CodeEditorKitTests.swift in Sources */,
				38CCC6F319A8B0F500501CA9 /* FiddlingsTests.swift in Sources */,
			);
			runOnlyForDeploymentPostprocessing = 0;
		};
/* End PBXSourcesBuildPhase section */

/* Begin PBXTargetDependency section */
		38CCC6EE19A8B0F500501CA9 /* PBXTargetDependency */ = {
			isa = PBXTargetDependency;
			target = 38CCC6D719A8B0F500501CA9 /* Fiddlings */;
			targetProxy = 38CCC6ED19A8B0F500501CA9 /* PBXContainerItemProxy */;
		};
/* End PBXTargetDependency section */

/* Begin PBXVariantGroup section */
		38CCC6E519A8B0F500501CA9 /* Main.storyboard */ = {
			isa = PBXVariantGroup;
			children = (
				38CCC6E619A8B0F500501CA9 /* Base */,
			);
			name = Main.storyboard;
			sourceTree = "<group>";
		};
/* End PBXVariantGroup section */

/* Begin XCBuildConfiguration section */
		38CCC6F419A8B0F500501CA9 /* Debug */ = {
			isa = XCBuildConfiguration;
			buildSettings = {
				ALWAYS_SEARCH_USER_PATHS = NO;
				CLANG_CXX_LANGUAGE_STANDARD = "gnu++0x";
				CLANG_CXX_LIBRARY = "libc++";
				CLANG_ENABLE_MODULES = YES;
				CLANG_ENABLE_OBJC_ARC = YES;
				CLANG_WARN_BOOL_CONVERSION = YES;
				CLANG_WARN_CONSTANT_CONVERSION = YES;
				CLANG_WARN_DIRECT_OBJC_ISA_USAGE = YES_ERROR;
				CLANG_WARN_EMPTY_BODY = YES;
				CLANG_WARN_ENUM_CONVERSION = YES;
				CLANG_WARN_INT_CONVERSION = YES;
				CLANG_WARN_OBJC_ROOT_CLASS = YES_ERROR;
				CLANG_WARN_UNREACHABLE_CODE = YES;
				CLANG_WARN__DUPLICATE_METHOD_MATCH = YES;
				CODE_SIGN_IDENTITY = "-";
				COPY_PHASE_STRIP = NO;
				ENABLE_STRICT_OBJC_MSGSEND = YES;
				GCC_C_LANGUAGE_STANDARD = gnu99;
				GCC_DYNAMIC_NO_PIC = NO;
				GCC_OPTIMIZATION_LEVEL = 0;
				GCC_PREPROCESSOR_DEFINITIONS = (
					"DEBUG=1",
					"$(inherited)",
				);
				GCC_SYMBOLS_PRIVATE_EXTERN = NO;
				GCC_WARN_64_TO_32_BIT_CONVERSION = YES;
				GCC_WARN_ABOUT_RETURN_TYPE = YES_ERROR;
				GCC_WARN_UNDECLARED_SELECTOR = YES;
				GCC_WARN_UNINITIALIZED_AUTOS = YES_AGGRESSIVE;
				GCC_WARN_UNUSED_FUNCTION = YES;
				GCC_WARN_UNUSED_VARIABLE = YES;
				MACOSX_DEPLOYMENT_TARGET = 10.10;
				MTL_ENABLE_DEBUG_INFO = YES;
				ONLY_ACTIVE_ARCH = YES;
				SDKROOT = macosx;
				SWIFT_OPTIMIZATION_LEVEL = "-Onone";
			};
			name = Debug;
		};
		38CCC6F519A8B0F500501CA9 /* Release */ = {
			isa = XCBuildConfiguration;
			buildSettings = {
				ALWAYS_SEARCH_USER_PATHS = NO;
				CLANG_CXX_LANGUAGE_STANDARD = "gnu++0x";
				CLANG_CXX_LIBRARY = "libc++";
				CLANG_ENABLE_MODULES = YES;
				CLANG_ENABLE_OBJC_ARC = YES;
				CLANG_WARN_BOOL_CONVERSION = YES;
				CLANG_WARN_CONSTANT_CONVERSION = YES;
				CLANG_WARN_DIRECT_OBJC_ISA_USAGE = YES_ERROR;
				CLANG_WARN_EMPTY_BODY = YES;
				CLANG_WARN_ENUM_CONVERSION = YES;
				CLANG_WARN_INT_CONVERSION = YES;
				CLANG_WARN_OBJC_ROOT_CLASS = YES_ERROR;
				CLANG_WARN_UNREACHABLE_CODE = YES;
				CLANG_WARN__DUPLICATE_METHOD_MATCH = YES;
				CODE_SIGN_IDENTITY = "-";
				COPY_PHASE_STRIP = YES;
				DEBUG_INFORMATION_FORMAT = "dwarf-with-dsym";
				ENABLE_NS_ASSERTIONS = NO;
				ENABLE_STRICT_OBJC_MSGSEND = YES;
				GCC_C_LANGUAGE_STANDARD = gnu99;
				GCC_WARN_64_TO_32_BIT_CONVERSION = YES;
				GCC_WARN_ABOUT_RETURN_TYPE = YES_ERROR;
				GCC_WARN_UNDECLARED_SELECTOR = YES;
				GCC_WARN_UNINITIALIZED_AUTOS = YES_AGGRESSIVE;
				GCC_WARN_UNUSED_FUNCTION = YES;
				GCC_WARN_UNUSED_VARIABLE = YES;
				MACOSX_DEPLOYMENT_TARGET = 10.10;
				MTL_ENABLE_DEBUG_INFO = NO;
				SDKROOT = macosx;
			};
			name = Release;
		};
		38CCC6F719A8B0F500501CA9 /* Debug */ = {
			isa = XCBuildConfiguration;
			buildSettings = {
				ASSETCATALOG_COMPILER_APPICON_NAME = AppIcon;
				COMBINE_HIDPI_IMAGES = YES;
				FRAMEWORK_SEARCH_PATHS = (
					"$(inherited)",
					"$(PROJECT_DIR)/Frameworks",
				);
				INFOPLIST_FILE = Fiddlings/Info.plist;
				LD_RUNPATH_SEARCH_PATHS = "$(inherited) @executable_path/../Frameworks";
				PRODUCT_NAME = "$(TARGET_NAME)";
				SWIFT_OBJC_BRIDGING_HEADER = "Fiddlings/Fiddlings-Bridging-Header.h";
			};
			name = Debug;
		};
		38CCC6F819A8B0F500501CA9 /* Release */ = {
			isa = XCBuildConfiguration;
			buildSettings = {
				ASSETCATALOG_COMPILER_APPICON_NAME = AppIcon;
				COMBINE_HIDPI_IMAGES = YES;
				FRAMEWORK_SEARCH_PATHS = (
					"$(inherited)",
					"$(PROJECT_DIR)/Frameworks",
				);
				INFOPLIST_FILE = Fiddlings/Info.plist;
				LD_RUNPATH_SEARCH_PATHS = "$(inherited) @executable_path/../Frameworks";
				PRODUCT_NAME = "$(TARGET_NAME)";
				SWIFT_OBJC_BRIDGING_HEADER = "Fiddlings/Fiddlings-Bridging-Header.h";
			};
			name = Release;
		};
		38CCC6FA19A8B0F500501CA9 /* Debug */ = {
			isa = XCBuildConfiguration;
			buildSettings = {
				BUNDLE_LOADER = "$(TEST_HOST)";
				COMBINE_HIDPI_IMAGES = YES;
				FRAMEWORK_SEARCH_PATHS = (
					"$(DEVELOPER_FRAMEWORKS_DIR)",
					"$(inherited)",
					"$(PROJECT_DIR)/Frameworks",
				);
				GCC_PREPROCESSOR_DEFINITIONS = (
					"DEBUG=1",
					"$(inherited)",
				);
				INFOPLIST_FILE = FiddlingsTests/Info.plist;
				LD_RUNPATH_SEARCH_PATHS = "$(inherited) @executable_path/../Frameworks @loader_path/../Frameworks";
				PRODUCT_NAME = "$(TARGET_NAME)";
				SWIFT_OBJC_BRIDGING_HEADER = "FiddlingsTests/FiddlingsTests-Bridging-Header.h";
				TEST_HOST = "$(BUILT_PRODUCTS_DIR)/Fiddlings.app/Contents/MacOS/Fiddlings";
			};
			name = Debug;
		};
		38CCC6FB19A8B0F500501CA9 /* Release */ = {
			isa = XCBuildConfiguration;
			buildSettings = {
				BUNDLE_LOADER = "$(TEST_HOST)";
				COMBINE_HIDPI_IMAGES = YES;
				FRAMEWORK_SEARCH_PATHS = (
					"$(DEVELOPER_FRAMEWORKS_DIR)",
					"$(inherited)",
					"$(PROJECT_DIR)/Frameworks",
				);
				INFOPLIST_FILE = FiddlingsTests/Info.plist;
				LD_RUNPATH_SEARCH_PATHS = "$(inherited) @executable_path/../Frameworks @loader_path/../Frameworks";
				PRODUCT_NAME = "$(TARGET_NAME)";
				SWIFT_OBJC_BRIDGING_HEADER = "FiddlingsTests/FiddlingsTests-Bridging-Header.h";
				TEST_HOST = "$(BUILT_PRODUCTS_DIR)/Fiddlings.app/Contents/MacOS/Fiddlings";
			};
			name = Release;
		};
/* End XCBuildConfiguration section */

/* Begin XCConfigurationList section */
		38CCC6D319A8B0F500501CA9 /* Build configuration list for PBXProject "Fiddlings" */ = {
			isa = XCConfigurationList;
			buildConfigurations = (
				38CCC6F419A8B0F500501CA9 /* Debug */,
				38CCC6F519A8B0F500501CA9 /* Release */,
			);
			defaultConfigurationIsVisible = 0;
			defaultConfigurationName = Release;
		};
		38CCC6F619A8B0F500501CA9 /* Build configuration list for PBXNativeTarget "Fiddlings" */ = {
			isa = XCConfigurationList;
			buildConfigurations = (
				38CCC6F719A8B0F500501CA9 /* Debug */,
				38CCC6F819A8B0F500501CA9 /* Release */,
			);
			defaultConfigurationIsVisible = 0;
			defaultConfigurationName = Release;
		};
		38CCC6F919A8B0F500501CA9 /* Build configuration list for PBXNativeTarget "FiddlingsTests" */ = {
			isa = XCConfigurationList;
			buildConfigurations = (
				38CCC6FA19A8B0F500501CA9 /* Debug */,
				38CCC6FB19A8B0F500501CA9 /* Release */,
			);
			defaultConfigurationIsVisible = 0;
			defaultConfigurationName = Release;
		};
/* End XCConfigurationList section */
	};
	rootObject = 38CCC6D019A8B0F500501CA9 /* Project object */;
}
