// !$*UTF8*$!
{
	archiveVersion = 1;
	classes = {
	};
	objectVersion = 46;
	objects = {

/* Begin PBXBuildFile section */
		389E746219C8A54C00B18AF1 /* AppDelegate.swift in Sources */ = {isa = PBXBuildFile; fileRef = 389E746119C8A54C00B18AF1 /* AppDelegate.swift */; };
		389E746419C8A54C00B18AF1 /* ViewController.swift in Sources */ = {isa = PBXBuildFile; fileRef = 389E746319C8A54C00B18AF1 /* ViewController.swift */; };
		389E746619C8A54C00B18AF1 /* Document.swift in Sources */ = {isa = PBXBuildFile; fileRef = 389E746519C8A54C00B18AF1 /* Document.swift */; };
		389E746819C8A54C00B18AF1 /* Images.xcassets in Resources */ = {isa = PBXBuildFile; fileRef = 389E746719C8A54C00B18AF1 /* Images.xcassets */; };
		389E746B19C8A54C00B18AF1 /* Main.storyboard in Resources */ = {isa = PBXBuildFile; fileRef = 389E746919C8A54C00B18AF1 /* Main.storyboard */; };
		389E747719C8A54C00B18AF1 /* FiddlingsTests.swift in Sources */ = {isa = PBXBuildFile; fileRef = 389E747619C8A54C00B18AF1 /* FiddlingsTests.swift */; };
		389E748319C8AEF600B18AF1 /* WebKit.framework in Frameworks */ = {isa = PBXBuildFile; fileRef = 389E748219C8AEF600B18AF1 /* WebKit.framework */; };
		38CE5DFB19CE1AA3009892D3 /* README.markdown in Sources */ = {isa = PBXBuildFile; fileRef = 38CE5DFA19CE1AA3009892D3 /* README.markdown */; };
		38CE5DFD19CE1B32009892D3 /* CodeEditorView.swift in Sources */ = {isa = PBXBuildFile; fileRef = 38CE5DFC19CE1B32009892D3 /* CodeEditorView.swift */; };
		38CE5DFF19CE273A009892D3 /* WindowController.swift in Sources */ = {isa = PBXBuildFile; fileRef = 38CE5DFE19CE273A009892D3 /* WindowController.swift */; };
		38E1D40119CF1CEE0024FC34 /* CodeEditorKitTests.swift in Sources */ = {isa = PBXBuildFile; fileRef = 38E1D40019CF1CEE0024FC34 /* CodeEditorKitTests.swift */; };
		38E1D40419CF207B0024FC34 /* PEGKit.framework in Frameworks */ = {isa = PBXBuildFile; fileRef = 38E1D40219CF20720024FC34 /* PEGKit.framework */; };
		38E1D40519CF207B0024FC34 /* PEGKit.framework in Embed Frameworks */ = {isa = PBXBuildFile; fileRef = 38E1D40219CF20720024FC34 /* PEGKit.framework */; settings = {ATTRIBUTES = (CodeSignOnCopy, RemoveHeadersOnCopy, ); }; };
		38E1D40A19CF21870024FC34 /* HTMLParser.m in Sources */ = {isa = PBXBuildFile; fileRef = 38E1D40819CF21870024FC34 /* HTMLParser.m */; };
		38E1D40C19CF23710024FC34 /* PEGKit.framework in Frameworks */ = {isa = PBXBuildFile; fileRef = 38E1D40219CF20720024FC34 /* PEGKit.framework */; };
/* End PBXBuildFile section */

/* Begin PBXContainerItemProxy section */
		389E747119C8A54C00B18AF1 /* PBXContainerItemProxy */ = {
			isa = PBXContainerItemProxy;
			containerPortal = 389E745419C8A54C00B18AF1 /* Project object */;
			proxyType = 1;
			remoteGlobalIDString = 389E745B19C8A54C00B18AF1;
			remoteInfo = Fiddlings;
		};
/* End PBXContainerItemProxy section */

/* Begin PBXCopyFilesBuildPhase section */
		38E1D40619CF207B0024FC34 /* Embed Frameworks */ = {
			isa = PBXCopyFilesBuildPhase;
			buildActionMask = 2147483647;
			dstPath = "";
			dstSubfolderSpec = 10;
			files = (
				38E1D40519CF207B0024FC34 /* PEGKit.framework in Embed Frameworks */,
			);
			name = "Embed Frameworks";
			runOnlyForDeploymentPostprocessing = 0;
		};
/* End PBXCopyFilesBuildPhase section */

/* Begin PBXFileReference section */
		389E745C19C8A54C00B18AF1 /* Fiddlings.app */ = {isa = PBXFileReference; explicitFileType = wrapper.application; includeInIndex = 0; path = Fiddlings.app; sourceTree = BUILT_PRODUCTS_DIR; };
		389E746019C8A54C00B18AF1 /* Info.plist */ = {isa = PBXFileReference; lastKnownFileType = text.plist.xml; path = Info.plist; sourceTree = "<group>"; };
		389E746119C8A54C00B18AF1 /* AppDelegate.swift */ = {isa = PBXFileReference; lastKnownFileType = sourcecode.swift; path = AppDelegate.swift; sourceTree = "<group>"; };
		389E746319C8A54C00B18AF1 /* ViewController.swift */ = {isa = PBXFileReference; lastKnownFileType = sourcecode.swift; path = ViewController.swift; sourceTree = "<group>"; };
		389E746519C8A54C00B18AF1 /* Document.swift */ = {isa = PBXFileReference; lastKnownFileType = sourcecode.swift; path = Document.swift; sourceTree = "<group>"; };
		389E746719C8A54C00B18AF1 /* Images.xcassets */ = {isa = PBXFileReference; lastKnownFileType = folder.assetcatalog; path = Images.xcassets; sourceTree = "<group>"; };
		389E746A19C8A54C00B18AF1 /* Base */ = {isa = PBXFileReference; lastKnownFileType = file.storyboard; name = Base; path = Base.lproj/Main.storyboard; sourceTree = "<group>"; };
		389E747019C8A54C00B18AF1 /* FiddlingsTests.xctest */ = {isa = PBXFileReference; explicitFileType = wrapper.cfbundle; includeInIndex = 0; path = FiddlingsTests.xctest; sourceTree = BUILT_PRODUCTS_DIR; };
		389E747519C8A54C00B18AF1 /* Info.plist */ = {isa = PBXFileReference; lastKnownFileType = text.plist.xml; path = Info.plist; sourceTree = "<group>"; };
		389E747619C8A54C00B18AF1 /* FiddlingsTests.swift */ = {isa = PBXFileReference; lastKnownFileType = sourcecode.swift; path = FiddlingsTests.swift; sourceTree = "<group>"; };
		389E748219C8AEF600B18AF1 /* WebKit.framework */ = {isa = PBXFileReference; lastKnownFileType = wrapper.framework; name = WebKit.framework; path = System/Library/Frameworks/WebKit.framework; sourceTree = SDKROOT; };
		38C63D9319ED9EDE00258901 /* Editor layout.playground */ = {isa = PBXFileReference; lastKnownFileType = file.playground; path = "Editor layout.playground"; sourceTree = "<group>"; };
		38CE5DFA19CE1AA3009892D3 /* README.markdown */ = {isa = PBXFileReference; fileEncoding = 4; lastKnownFileType = net.daringfireball.markdown; path = README.markdown; sourceTree = "<group>"; };
		38CE5DFC19CE1B32009892D3 /* CodeEditorView.swift */ = {isa = PBXFileReference; fileEncoding = 4; lastKnownFileType = sourcecode.swift; path = CodeEditorView.swift; sourceTree = "<group>"; };
		38CE5DFE19CE273A009892D3 /* WindowController.swift */ = {isa = PBXFileReference; fileEncoding = 4; lastKnownFileType = sourcecode.swift; path = WindowController.swift; sourceTree = "<group>"; };
		38E1D40019CF1CEE0024FC34 /* CodeEditorKitTests.swift */ = {isa = PBXFileReference; fileEncoding = 4; lastKnownFileType = sourcecode.swift; path = CodeEditorKitTests.swift; sourceTree = "<group>"; };
		38E1D40219CF20720024FC34 /* PEGKit.framework */ = {isa = PBXFileReference; lastKnownFileType = wrapper.framework; name = PEGKit.framework; path = Frameworks/PEGKit.framework; sourceTree = "<group>"; };
		38E1D40719CF21810024FC34 /* Fiddlings-Bridging-Header.h */ = {isa = PBXFileReference; fileEncoding = 4; lastKnownFileType = sourcecode.c.h; path = "Fiddlings-Bridging-Header.h"; sourceTree = "<group>"; };
		38E1D40819CF21870024FC34 /* HTMLParser.m */ = {isa = PBXFileReference; fileEncoding = 4; lastKnownFileType = sourcecode.c.objc; path = HTMLParser.m; sourceTree = "<group>"; };
		38E1D40919CF21870024FC34 /* HTMLParser.h */ = {isa = PBXFileReference; fileEncoding = 4; lastKnownFileType = sourcecode.c.h; path = HTMLParser.h; sourceTree = "<group>"; };
		38E1D40B19CF21900024FC34 /* FiddlingsTests-Bridging-Header.h */ = {isa = PBXFileReference; fileEncoding = 4; lastKnownFileType = sourcecode.c.h; path = "FiddlingsTests-Bridging-Header.h"; sourceTree = "<group>"; };
		38FD312519D09317000D0675 /* File read and write.playground */ = {isa = PBXFileReference; lastKnownFileType = file.playground; path = "File read and write.playground"; sourceTree = "<group>"; };
/* End PBXFileReference section */

/* Begin PBXFrameworksBuildPhase section */
		389E745919C8A54C00B18AF1 /* Frameworks */ = {
			isa = PBXFrameworksBuildPhase;
			buildActionMask = 2147483647;
			files = (
				38E1D40419CF207B0024FC34 /* PEGKit.framework in Frameworks */,
				389E748319C8AEF600B18AF1 /* WebKit.framework in Frameworks */,
			);
			runOnlyForDeploymentPostprocessing = 0;
		};
		389E746D19C8A54C00B18AF1 /* Frameworks */ = {
			isa = PBXFrameworksBuildPhase;
			buildActionMask = 2147483647;
			files = (
				38E1D40C19CF23710024FC34 /* PEGKit.framework in Frameworks */,
			);
			runOnlyForDeploymentPostprocessing = 0;
		};
/* End PBXFrameworksBuildPhase section */

/* Begin PBXGroup section */
		389E745319C8A54C00B18AF1 = {
			isa = PBXGroup;
			children = (
				38C63D9319ED9EDE00258901 /* Editor layout.playground */,
				38FD312519D09317000D0675 /* File read and write.playground */,
				38E1D40219CF20720024FC34 /* PEGKit.framework */,
				389E748219C8AEF600B18AF1 /* WebKit.framework */,
				389E745E19C8A54C00B18AF1 /* Fiddlings */,
				389E747319C8A54C00B18AF1 /* FiddlingsTests */,
				389E745D19C8A54C00B18AF1 /* Products */,
			);
			sourceTree = "<group>";
		};
		389E745D19C8A54C00B18AF1 /* Products */ = {
			isa = PBXGroup;
			children = (
				389E745C19C8A54C00B18AF1 /* Fiddlings.app */,
				389E747019C8A54C00B18AF1 /* FiddlingsTests.xctest */,
			);
			name = Products;
			sourceTree = "<group>";
		};
		389E745E19C8A54C00B18AF1 /* Fiddlings */ = {
			isa = PBXGroup;
			children = (
				38E1D40819CF21870024FC34 /* HTMLParser.m */,
				38E1D40919CF21870024FC34 /* HTMLParser.h */,
				38CE5DFC19CE1B32009892D3 /* CodeEditorView.swift */,
				38CE5DFA19CE1AA3009892D3 /* README.markdown */,
				389E746119C8A54C00B18AF1 /* AppDelegate.swift */,
				389E746319C8A54C00B18AF1 /* ViewController.swift */,
				389E746519C8A54C00B18AF1 /* Document.swift */,
				389E746719C8A54C00B18AF1 /* Images.xcassets */,
				389E746919C8A54C00B18AF1 /* Main.storyboard */,
				389E745F19C8A54C00B18AF1 /* Supporting Files */,
				38CE5DFE19CE273A009892D3 /* WindowController.swift */,
			);
			path = Fiddlings;
			sourceTree = "<group>";
		};
		389E745F19C8A54C00B18AF1 /* Supporting Files */ = {
			isa = PBXGroup;
			children = (
				38E1D40719CF21810024FC34 /* Fiddlings-Bridging-Header.h */,
				389E746019C8A54C00B18AF1 /* Info.plist */,
			);
			name = "Supporting Files";
			sourceTree = "<group>";
		};
		389E747319C8A54C00B18AF1 /* FiddlingsTests */ = {
			isa = PBXGroup;
			children = (
				38E1D40019CF1CEE0024FC34 /* CodeEditorKitTests.swift */,
				389E747619C8A54C00B18AF1 /* FiddlingsTests.swift */,
				389E747419C8A54C00B18AF1 /* Supporting Files */,
			);
			path = FiddlingsTests;
			sourceTree = "<group>";
		};
		389E747419C8A54C00B18AF1 /* Supporting Files */ = {
			isa = PBXGroup;
			children = (
				38E1D40B19CF21900024FC34 /* FiddlingsTests-Bridging-Header.h */,
				389E747519C8A54C00B18AF1 /* Info.plist */,
			);
			name = "Supporting Files";
			sourceTree = "<group>";
		};
/* End PBXGroup section */

/* Begin PBXNativeTarget section */
		389E745B19C8A54C00B18AF1 /* Fiddlings */ = {
			isa = PBXNativeTarget;
			buildConfigurationList = 389E747A19C8A54C00B18AF1 /* Build configuration list for PBXNativeTarget "Fiddlings" */;
			buildPhases = (
				389E745819C8A54C00B18AF1 /* Sources */,
				389E745919C8A54C00B18AF1 /* Frameworks */,
				389E745A19C8A54C00B18AF1 /* Resources */,
				38E1D40619CF207B0024FC34 /* Embed Frameworks */,
			);
			buildRules = (
			);
			dependencies = (
			);
			name = Fiddlings;
			productName = Fiddlings;
			productReference = 389E745C19C8A54C00B18AF1 /* Fiddlings.app */;
			productType = "com.apple.product-type.application";
		};
		389E746F19C8A54C00B18AF1 /* FiddlingsTests */ = {
			isa = PBXNativeTarget;
			buildConfigurationList = 389E747D19C8A54C00B18AF1 /* Build configuration list for PBXNativeTarget "FiddlingsTests" */;
			buildPhases = (
				389E746C19C8A54C00B18AF1 /* Sources */,
				389E746D19C8A54C00B18AF1 /* Frameworks */,
				389E746E19C8A54C00B18AF1 /* Resources */,
			);
			buildRules = (
			);
			dependencies = (
				389E747219C8A54C00B18AF1 /* PBXTargetDependency */,
			);
			name = FiddlingsTests;
			productName = FiddlingsTests;
			productReference = 389E747019C8A54C00B18AF1 /* FiddlingsTests.xctest */;
			productType = "com.apple.product-type.bundle.unit-test";
		};
/* End PBXNativeTarget section */

/* Begin PBXProject section */
		389E745419C8A54C00B18AF1 /* Project object */ = {
			isa = PBXProject;
			attributes = {
				LastSwiftUpdateCheck = 0700;
				LastUpgradeCheck = 0700;
				ORGANIZATIONNAME = "Priit Haamer";
				TargetAttributes = {
					389E745B19C8A54C00B18AF1 = {
						CreatedOnToolsVersion = 6.1;
					};
					389E746F19C8A54C00B18AF1 = {
						CreatedOnToolsVersion = 6.1;
						TestTargetID = 389E745B19C8A54C00B18AF1;
					};
				};
			};
			buildConfigurationList = 389E745719C8A54C00B18AF1 /* Build configuration list for PBXProject "Fiddlings" */;
			compatibilityVersion = "Xcode 3.2";
			developmentRegion = English;
			hasScannedForEncodings = 0;
			knownRegions = (
				en,
				Base,
			);
			mainGroup = 389E745319C8A54C00B18AF1;
			productRefGroup = 389E745D19C8A54C00B18AF1 /* Products */;
			projectDirPath = "";
			projectRoot = "";
			targets = (
				389E745B19C8A54C00B18AF1 /* Fiddlings */,
				389E746F19C8A54C00B18AF1 /* FiddlingsTests */,
			);
		};
/* End PBXProject section */

/* Begin PBXResourcesBuildPhase section */
		389E745A19C8A54C00B18AF1 /* Resources */ = {
			isa = PBXResourcesBuildPhase;
			buildActionMask = 2147483647;
			files = (
				389E746819C8A54C00B18AF1 /* Images.xcassets in Resources */,
				389E746B19C8A54C00B18AF1 /* Main.storyboard in Resources */,
			);
			runOnlyForDeploymentPostprocessing = 0;
		};
		389E746E19C8A54C00B18AF1 /* Resources */ = {
			isa = PBXResourcesBuildPhase;
			buildActionMask = 2147483647;
			files = (
			);
			runOnlyForDeploymentPostprocessing = 0;
		};
/* End PBXResourcesBuildPhase section */

/* Begin PBXSourcesBuildPhase section */
		389E745819C8A54C00B18AF1 /* Sources */ = {
			isa = PBXSourcesBuildPhase;
			buildActionMask = 2147483647;
			files = (
				38CE5DFB19CE1AA3009892D3 /* README.markdown in Sources */,
				389E746419C8A54C00B18AF1 /* ViewController.swift in Sources */,
				38E1D40A19CF21870024FC34 /* HTMLParser.m in Sources */,
				389E746219C8A54C00B18AF1 /* AppDelegate.swift in Sources */,
				38CE5DFF19CE273A009892D3 /* WindowController.swift in Sources */,
				38CE5DFD19CE1B32009892D3 /* CodeEditorView.swift in Sources */,
				389E746619C8A54C00B18AF1 /* Document.swift in Sources */,
			);
			runOnlyForDeploymentPostprocessing = 0;
		};
		389E746C19C8A54C00B18AF1 /* Sources */ = {
			isa = PBXSourcesBuildPhase;
			buildActionMask = 2147483647;
			files = (
				38E1D40119CF1CEE0024FC34 /* CodeEditorKitTests.swift in Sources */,
				389E747719C8A54C00B18AF1 /* FiddlingsTests.swift in Sources */,
			);
			runOnlyForDeploymentPostprocessing = 0;
		};
/* End PBXSourcesBuildPhase section */

/* Begin PBXTargetDependency section */
		389E747219C8A54C00B18AF1 /* PBXTargetDependency */ = {
			isa = PBXTargetDependency;
			target = 389E745B19C8A54C00B18AF1 /* Fiddlings */;
			targetProxy = 389E747119C8A54C00B18AF1 /* PBXContainerItemProxy */;
		};
/* End PBXTargetDependency section */

/* Begin PBXVariantGroup section */
		389E746919C8A54C00B18AF1 /* Main.storyboard */ = {
			isa = PBXVariantGroup;
			children = (
				389E746A19C8A54C00B18AF1 /* Base */,
			);
			name = Main.storyboard;
			sourceTree = "<group>";
		};
/* End PBXVariantGroup section */

/* Begin XCBuildConfiguration section */
		389E747819C8A54C00B18AF1 /* Debug */ = {
			isa = XCBuildConfiguration;
			buildSettings = {
				ALWAYS_SEARCH_USER_PATHS = NO;
				CLANG_CXX_LANGUAGE_STANDARD = "gnu++0x";
				CLANG_CXX_LIBRARY = "libc++";
				CLANG_ENABLE_MODULES = YES;
				CLANG_ENABLE_OBJC_ARC = YES;
				CLANG_WARN_BOOL_CONVERSION = YES;
				CLANG_WARN_CONSTANT_CONVERSION = YES;
				CLANG_WARN_DIRECT_OBJC_ISA_USAGE = YES_ERROR;
				CLANG_WARN_EMPTY_BODY = YES;
				CLANG_WARN_ENUM_CONVERSION = YES;
				CLANG_WARN_INT_CONVERSION = YES;
				CLANG_WARN_OBJC_ROOT_CLASS = YES_ERROR;
				CLANG_WARN_UNREACHABLE_CODE = YES;
				CLANG_WARN__DUPLICATE_METHOD_MATCH = YES;
				CODE_SIGN_IDENTITY = "-";
				COPY_PHASE_STRIP = NO;
				ENABLE_STRICT_OBJC_MSGSEND = YES;
				ENABLE_TESTABILITY = YES;
				GCC_C_LANGUAGE_STANDARD = gnu99;
				GCC_DYNAMIC_NO_PIC = NO;
				GCC_OPTIMIZATION_LEVEL = 0;
				GCC_PREPROCESSOR_DEFINITIONS = (
					"DEBUG=1",
					"$(inherited)",
				);
				GCC_SYMBOLS_PRIVATE_EXTERN = NO;
				GCC_WARN_64_TO_32_BIT_CONVERSION = YES;
				GCC_WARN_ABOUT_RETURN_TYPE = YES_ERROR;
				GCC_WARN_UNDECLARED_SELECTOR = YES;
				GCC_WARN_UNINITIALIZED_AUTOS = YES_AGGRESSIVE;
				GCC_WARN_UNUSED_FUNCTION = YES;
				GCC_WARN_UNUSED_VARIABLE = YES;
				MACOSX_DEPLOYMENT_TARGET = 10.10;
				MTL_ENABLE_DEBUG_INFO = YES;
				ONLY_ACTIVE_ARCH = YES;
				SDKROOT = macosx;
				SWIFT_OPTIMIZATION_LEVEL = "-Onone";
			};
			name = Debug;
		};
		389E747919C8A54C00B18AF1 /* Release */ = {
			isa = XCBuildConfiguration;
			buildSettings = {
				ALWAYS_SEARCH_USER_PATHS = NO;
				CLANG_CXX_LANGUAGE_STANDARD = "gnu++0x";
				CLANG_CXX_LIBRARY = "libc++";
				CLANG_ENABLE_MODULES = YES;
				CLANG_ENABLE_OBJC_ARC = YES;
				CLANG_WARN_BOOL_CONVERSION = YES;
				CLANG_WARN_CONSTANT_CONVERSION = YES;
				CLANG_WARN_DIRECT_OBJC_ISA_USAGE = YES_ERROR;
				CLANG_WARN_EMPTY_BODY = YES;
				CLANG_WARN_ENUM_CONVERSION = YES;
				CLANG_WARN_INT_CONVERSION = YES;
				CLANG_WARN_OBJC_ROOT_CLASS = YES_ERROR;
				CLANG_WARN_UNREACHABLE_CODE = YES;
				CLANG_WARN__DUPLICATE_METHOD_MATCH = YES;
				CODE_SIGN_IDENTITY = "-";
				COPY_PHASE_STRIP = YES;
				DEBUG_INFORMATION_FORMAT = "dwarf-with-dsym";
				ENABLE_NS_ASSERTIONS = NO;
				ENABLE_STRICT_OBJC_MSGSEND = YES;
				GCC_C_LANGUAGE_STANDARD = gnu99;
				GCC_WARN_64_TO_32_BIT_CONVERSION = YES;
				GCC_WARN_ABOUT_RETURN_TYPE = YES_ERROR;
				GCC_WARN_UNDECLARED_SELECTOR = YES;
				GCC_WARN_UNINITIALIZED_AUTOS = YES_AGGRESSIVE;
				GCC_WARN_UNUSED_FUNCTION = YES;
				GCC_WARN_UNUSED_VARIABLE = YES;
				MACOSX_DEPLOYMENT_TARGET = 10.10;
				MTL_ENABLE_DEBUG_INFO = NO;
				SDKROOT = macosx;
			};
			name = Release;
		};
		389E747B19C8A54C00B18AF1 /* Debug */ = {
			isa = XCBuildConfiguration;
			buildSettings = {
				ASSETCATALOG_COMPILER_APPICON_NAME = AppIcon;
				COMBINE_HIDPI_IMAGES = YES;
				FRAMEWORK_SEARCH_PATHS = (
					"$(inherited)",
					"$(PROJECT_DIR)/Frameworks",
				);
				INFOPLIST_FILE = Fiddlings/Info.plist;
				LD_RUNPATH_SEARCH_PATHS = "$(inherited) @executable_path/../Frameworks";
				PRODUCT_BUNDLE_IDENTIFIER = "com.priithaamer.$(PRODUCT_NAME:rfc1034identifier)";
				PRODUCT_NAME = "$(TARGET_NAME)";
				SWIFT_OBJC_BRIDGING_HEADER = "Fiddlings/Fiddlings-Bridging-Header.h";
			};
			name = Debug;
		};
		389E747C19C8A54C00B18AF1 /* Release */ = {
			isa = XCBuildConfiguration;
			buildSettings = {
				ASSETCATALOG_COMPILER_APPICON_NAME = AppIcon;
				COMBINE_HIDPI_IMAGES = YES;
				FRAMEWORK_SEARCH_PATHS = (
					"$(inherited)",
					"$(PROJECT_DIR)/Frameworks",
				);
				INFOPLIST_FILE = Fiddlings/Info.plist;
				LD_RUNPATH_SEARCH_PATHS = "$(inherited) @executable_path/../Frameworks";
				PRODUCT_BUNDLE_IDENTIFIER = "com.priithaamer.$(PRODUCT_NAME:rfc1034identifier)";
				PRODUCT_NAME = "$(TARGET_NAME)";
				SWIFT_OBJC_BRIDGING_HEADER = "Fiddlings/Fiddlings-Bridging-Header.h";
			};
			name = Release;
		};
		389E747E19C8A54C00B18AF1 /* Debug */ = {
			isa = XCBuildConfiguration;
			buildSettings = {
				BUNDLE_LOADER = "$(TEST_HOST)";
				COMBINE_HIDPI_IMAGES = YES;
				FRAMEWORK_SEARCH_PATHS = (
					"$(DEVELOPER_FRAMEWORKS_DIR)",
					"$(inherited)",
					"$(PROJECT_DIR)/Frameworks",
				);
				GCC_PREPROCESSOR_DEFINITIONS = (
					"DEBUG=1",
					"$(inherited)",
				);
				INFOPLIST_FILE = FiddlingsTests/Info.plist;
				LD_RUNPATH_SEARCH_PATHS = "$(inherited) @executable_path/../Frameworks @loader_path/../Frameworks";
				PRODUCT_BUNDLE_IDENTIFIER = "com.priithaamer.$(PRODUCT_NAME:rfc1034identifier)";
				PRODUCT_NAME = "$(TARGET_NAME)";
				SWIFT_OBJC_BRIDGING_HEADER = "FiddlingsTests/FiddlingsTests-Bridging-Header.h";
				TEST_HOST = "$(BUILT_PRODUCTS_DIR)/Fiddlings.app/Contents/MacOS/Fiddlings";
			};
			name = Debug;
		};
		389E747F19C8A54C00B18AF1 /* Release */ = {
			isa = XCBuildConfiguration;
			buildSettings = {
				BUNDLE_LOADER = "$(TEST_HOST)";
				COMBINE_HIDPI_IMAGES = YES;
				FRAMEWORK_SEARCH_PATHS = (
					"$(DEVELOPER_FRAMEWORKS_DIR)",
					"$(inherited)",
					"$(PROJECT_DIR)/Frameworks",
				);
				INFOPLIST_FILE = FiddlingsTests/Info.plist;
				LD_RUNPATH_SEARCH_PATHS = "$(inherited) @executable_path/../Frameworks @loader_path/../Frameworks";
				PRODUCT_BUNDLE_IDENTIFIER = "com.priithaamer.$(PRODUCT_NAME:rfc1034identifier)";
				PRODUCT_NAME = "$(TARGET_NAME)";
				SWIFT_OBJC_BRIDGING_HEADER = "FiddlingsTests/FiddlingsTests-Bridging-Header.h";
				TEST_HOST = "$(BUILT_PRODUCTS_DIR)/Fiddlings.app/Contents/MacOS/Fiddlings";
			};
			name = Release;
		};
/* End XCBuildConfiguration section */

/* Begin XCConfigurationList section */
		389E745719C8A54C00B18AF1 /* Build configuration list for PBXProject "Fiddlings" */ = {
			isa = XCConfigurationList;
			buildConfigurations = (
				389E747819C8A54C00B18AF1 /* Debug */,
				389E747919C8A54C00B18AF1 /* Release */,
			);
			defaultConfigurationIsVisible = 0;
			defaultConfigurationName = Release;
		};
		389E747A19C8A54C00B18AF1 /* Build configuration list for PBXNativeTarget "Fiddlings" */ = {
			isa = XCConfigurationList;
			buildConfigurations = (
				389E747B19C8A54C00B18AF1 /* Debug */,
				389E747C19C8A54C00B18AF1 /* Release */,
			);
			defaultConfigurationIsVisible = 0;
			defaultConfigurationName = Release;
		};
		389E747D19C8A54C00B18AF1 /* Build configuration list for PBXNativeTarget "FiddlingsTests" */ = {
			isa = XCConfigurationList;
			buildConfigurations = (
				389E747E19C8A54C00B18AF1 /* Debug */,
				389E747F19C8A54C00B18AF1 /* Release */,
			);
			defaultConfigurationIsVisible = 0;
			defaultConfigurationName = Release;
		};
/* End XCConfigurationList section */
	};
	rootObject = 389E745419C8A54C00B18AF1 /* Project object */;
}
